
Microsoft Visual Studio Solution File, Format Version 12.00
# Visual Studio Version 16
VisualStudioVersion = 16.0.31229.75
MinimumVisualStudioVersion = 10.0.40219.1
Project("{8BC9CEB8-8B4A-11D0-8D11-00A0C91BC942}") = "Singleton", "Singleton\Singleton.vcxproj", "{01F4E6FC-E1C7-4EBB-9446-419BEABD3267}"
EndProject
Global
	GlobalSection(SolutionConfigurationPlatforms) = preSolution
		Debug|x64 = Debug|x64
		Debug|x86 = Debug|x86
		Release|x64 = Release|x64
		Release|x86 = Release|x86
	EndGlobalSection
	GlobalSection(ProjectConfigurationPlatforms) = postSolution
		{01F4E6FC-E1C7-4EBB-9446-419BEABD3267}.Debug|x64.ActiveCfg = Debug|x64
		{01F4E6FC-E1C7-4EBB-9446-419BEABD3267}.Debug|x64.Build.0 = Debug|x64
		{01F4E6FC-E1C7-4EBB-9446-419BEABD3267}.Debug|x86.ActiveCfg = Debug|Win32
		{01F4E6FC-E1C7-4EBB-9446-419BEABD3267}.Debug|x86.Build.0 = Debug|Win32
		{01F4E6FC-E1C7-4EBB-9446-419BEABD3267}.Release|x64.ActiveCfg = Release|x64
		{01F4E6FC-E1C7-4EBB-9446-419BEABD3267}.Release|x64.Build.0 = Release|x64
		{01F4E6FC-E1C7-4EBB-9446-419BEABD3267}.Release|x86.ActiveCfg = Release|Win32
		{01F4E6FC-E1C7-4EBB-9446-419BEABD3267}.Release|x86.Build.0 = Release|Win32
	EndGlobalSection
	GlobalSection(SolutionProperties) = preSolution
		HideSolutionNode = FALSE
	EndGlobalSection
	GlobalSection(ExtensibilityGlobals) = postSolution
		SolutionGuid = {57FB57D0-3188-4FE2-BE9B-F2558531B246}
	EndGlobalSection
EndGlobal
