
Microsoft Visual Studio Solution File, Format Version 12.00
# Visual Studio Version 16
VisualStudioVersion = 16.0.31229.75
MinimumVisualStudioVersion = 10.0.40219.1
Project("{FAE04EC0-301F-11D3-BF4B-00C04F79EFBC}") = "ChainOfResponsibility", "ChainOfResponsibility\ChainOfResponsibility.csproj", "{440C88E6-963F-4A10-8093-82B2EE08F5F1}"
EndProject
Global
	GlobalSection(SolutionConfigurationPlatforms) = preSolution
		Debug|Any CPU = Debug|Any CPU
		Release|Any CPU = Release|Any CPU
	EndGlobalSection
	GlobalSection(ProjectConfigurationPlatforms) = postSolution
		{440C88E6-963F-4A10-8093-82B2EE08F5F1}.Debug|Any CPU.ActiveCfg = Debug|Any CPU
		{440C88E6-963F-4A10-8093-82B2EE08F5F1}.Debug|Any CPU.Build.0 = Debug|Any CPU
		{440C88E6-963F-4A10-8093-82B2EE08F5F1}.Release|Any CPU.ActiveCfg = Release|Any CPU
		{440C88E6-963F-4A10-8093-82B2EE08F5F1}.Release|Any CPU.Build.0 = Release|Any CPU
	EndGlobalSection
	GlobalSection(SolutionProperties) = preSolution
		HideSolutionNode = FALSE
	EndGlobalSection
	GlobalSection(ExtensibilityGlobals) = postSolution
		SolutionGuid = {8A566D99-A71D-49AE-BBBE-E2074833C2B7}
	EndGlobalSection
EndGlobal
