
Microsoft Visual Studio Solution File, Format Version 12.00
# Visual Studio 15
VisualStudioVersion = 15.0.28307.1401
MinimumVisualStudioVersion = 10.0.40219.1
Project("{FAE04EC0-301F-11D3-BF4B-00C04F79EFBC}") = "BuffPattern", "BuffPattern.csproj", "{63D26B54-9974-4D19-A5E6-5B4EF84E5E13}"
EndProject
Global
	GlobalSection(SolutionConfigurationPlatforms) = preSolution
		Debug|Any CPU = Debug|Any CPU
		Release|Any CPU = Release|Any CPU
	EndGlobalSection
	GlobalSection(ProjectConfigurationPlatforms) = postSolution
		{63D26B54-9974-4D19-A5E6-5B4EF84E5E13}.Debug|Any CPU.ActiveCfg = Debug|Any CPU
		{63D26B54-9974-4D19-A5E6-5B4EF84E5E13}.Debug|Any CPU.Build.0 = Debug|Any CPU
		{63D26B54-9974-4D19-A5E6-5B4EF84E5E13}.Release|Any CPU.ActiveCfg = Release|Any CPU
		{63D26B54-9974-4D19-A5E6-5B4EF84E5E13}.Release|Any CPU.Build.0 = Release|Any CPU
	EndGlobalSection
	GlobalSection(SolutionProperties) = preSolution
		HideSolutionNode = FALSE
	EndGlobalSection
	GlobalSection(ExtensibilityGlobals) = postSolution
		SolutionGuid = {F8FC9DBA-7584-4F8A-8531-75E638C1A4AF}
	EndGlobalSection
EndGlobal
