
Microsoft Visual Studio Solution File, Format Version 12.00
# Visual Studio 15
VisualStudioVersion = 15.0.28307.1401
MinimumVisualStudioVersion = 10.0.40219.1
Project("{8BC9CEB8-8B4A-11D0-8D11-00A0C91BC942}") = "Mediator", "Mediator\Mediator.vcxproj", "{F35EEE6F-A293-4301-9DD7-E996ECB8FA1C}"
EndProject
Global
	GlobalSection(SolutionConfigurationPlatforms) = preSolution
		Debug|x64 = Debug|x64
		Debug|x86 = Debug|x86
		Release|x64 = Release|x64
		Release|x86 = Release|x86
	EndGlobalSection
	GlobalSection(ProjectConfigurationPlatforms) = postSolution
		{F35EEE6F-A293-4301-9DD7-E996ECB8FA1C}.Debug|x64.ActiveCfg = Debug|x64
		{F35EEE6F-A293-4301-9DD7-E996ECB8FA1C}.Debug|x64.Build.0 = Debug|x64
		{F35EEE6F-A293-4301-9DD7-E996ECB8FA1C}.Debug|x86.ActiveCfg = Debug|Win32
		{F35EEE6F-A293-4301-9DD7-E996ECB8FA1C}.Debug|x86.Build.0 = Debug|Win32
		{F35EEE6F-A293-4301-9DD7-E996ECB8FA1C}.Release|x64.ActiveCfg = Release|x64
		{F35EEE6F-A293-4301-9DD7-E996ECB8FA1C}.Release|x64.Build.0 = Release|x64
		{F35EEE6F-A293-4301-9DD7-E996ECB8FA1C}.Release|x86.ActiveCfg = Release|Win32
		{F35EEE6F-A293-4301-9DD7-E996ECB8FA1C}.Release|x86.Build.0 = Release|Win32
	EndGlobalSection
	GlobalSection(SolutionProperties) = preSolution
		HideSolutionNode = FALSE
	EndGlobalSection
	GlobalSection(ExtensibilityGlobals) = postSolution
		SolutionGuid = {16C74C38-BDA4-4496-81B2-213D636F3CC3}
	EndGlobalSection
EndGlobal
